
Microsoft Visual Studio Solution File, Format Version 12.00
# Visual Studio 15
VisualStudioVersion = 15.0.28307.136
MinimumVisualStudioVersion = 10.0.40219.1
Project("{9A19103F-16F7-4668-BE54-9A1E7A4F7556}") = "ServiceBusStandardWebTest", "ServiceBusStandardWebTest\ServiceBusStandardWebTest.csproj", "{26982ED4-1158-4B1B-850C-E81A8A16EC56}"
EndProject
Project("{9A19103F-16F7-4668-BE54-9A1E7A4F7556}") = "Microsoft.Azure.ServiceBus", "..\..\sdk\servicebus\Microsoft.Azure.ServiceBus\src\Microsoft.Azure.ServiceBus.csproj", "{9642EAE4-2951-4BA0-A153-BB85541EA68C}"
EndProject
Global
	GlobalSection(SolutionConfigurationPlatforms) = preSolution
		Debug|Any CPU = Debug|Any CPU
		Release|Any CPU = Release|Any CPU
	EndGlobalSection
	GlobalSection(ProjectConfigurationPlatforms) = postSolution
		{26982ED4-1158-4B1B-850C-E81A8A16EC56}.Debug|Any CPU.ActiveCfg = Debug|Any CPU
		{26982ED4-1158-4B1B-850C-E81A8A16EC56}.Debug|Any CPU.Build.0 = Debug|Any CPU
		{26982ED4-1158-4B1B-850C-E81A8A16EC56}.Release|Any CPU.ActiveCfg = Release|Any CPU
		{26982ED4-1158-4B1B-850C-E81A8A16EC56}.Release|Any CPU.Build.0 = Release|Any CPU
		{9642EAE4-2951-4BA0-A153-BB85541EA68C}.Debug|Any CPU.ActiveCfg = Debug|Any CPU
		{9642EAE4-2951-4BA0-A153-BB85541EA68C}.Debug|Any CPU.Build.0 = Debug|Any CPU
		{9642EAE4-2951-4BA0-A153-BB85541EA68C}.Release|Any CPU.ActiveCfg = Release|Any CPU
		{9642EAE4-2951-4BA0-A153-BB85541EA68C}.Release|Any CPU.Build.0 = Release|Any CPU
	EndGlobalSection
	GlobalSection(SolutionProperties) = preSolution
		HideSolutionNode = FALSE
	EndGlobalSection
	GlobalSection(ExtensibilityGlobals) = postSolution
		SolutionGuid = {917CF8ED-4ABA-4C04-8702-88CCCEE02717}
	EndGlobalSection
EndGlobal
